
Microsoft Visual Studio Solution File, Format Version 12.00
# Visual Studio Version 16
VisualStudioVersion = 16.0.31729.503
MinimumVisualStudioVersion = 10.0.40219.1
Project("{FAE04EC0-301F-11D3-BF4B-00C04F79EFBC}") = "pricerlib", "pricerlib.csproj", "{1CC12D87-46CF-425B-8233-31DBD548CB8D}"
EndProject
Global
	GlobalSection(SolutionConfigurationPlatforms) = preSolution
		Debug|Any CPU = Debug|Any CPU
		Release|Any CPU = Release|Any CPU
	EndGlobalSection
	GlobalSection(ProjectConfigurationPlatforms) = postSolution
		{1CC12D87-46CF-425B-8233-31DBD548CB8D}.Debug|Any CPU.ActiveCfg = Debug|Any CPU
		{1CC12D87-46CF-425B-8233-31DBD548CB8D}.Debug|Any CPU.Build.0 = Debug|Any CPU
		{1CC12D87-46CF-425B-8233-31DBD548CB8D}.Release|Any CPU.ActiveCfg = Release|Any CPU
		{1CC12D87-46CF-425B-8233-31DBD548CB8D}.Release|Any CPU.Build.0 = Release|Any CPU
	EndGlobalSection
	GlobalSection(SolutionProperties) = preSolution
		HideSolutionNode = FALSE
	EndGlobalSection
	GlobalSection(ExtensibilityGlobals) = postSolution
		SolutionGuid = {923194EE-D405-4CE4-BEF7-78C9B447E28E}
	EndGlobalSection
EndGlobal
